// !$*UTF8*$!
{
	archiveVersion = 1;
	classes = {
	};
	objectVersion = 56;
	objects = {

/* Begin PBXBuildFile section */
		1FA5F4FC2C849CD3006FBEDE /* FrameWorkerApp.swift in Sources */ = {isa = PBXBuildFile; fileRef = 1FA5F4FB2C849CD3006FBEDE /* FrameWorkerApp.swift */; };
		1FA5F4FE2C849CD3006FBEDE /* FrameWorkerGridView.swift in Sources */ = {isa = PBXBuildFile; fileRef = 1FA5F4FD2C849CD3006FBEDE /* FrameWorkerGridView.swift */; };
		1FA5F5002C849CD5006FBEDE /* Assets.xcassets in Resources */ = {isa = PBXBuildFile; fileRef = 1FA5F4FF2C849CD5006FBEDE /* Assets.xcassets */; };
		1FA5F5032C849CD5006FBEDE /* Preview Assets.xcassets in Resources */ = {isa = PBXBuildFile; fileRef = 1FA5F5022C849CD5006FBEDE /* Preview Assets.xcassets */; };
		1FA5F50C2C849D15006FBEDE /* FrameWorkerModel.swift in Sources */ = {isa = PBXBuildFile; fileRef = 1FA5F50B2C849D15006FBEDE /* FrameWorkerModel.swift */; };
		1FA5F5102C84A490006FBEDE /* FrameWorkerDetailView.swift in Sources */ = {isa = PBXBuildFile; fileRef = 1FA5F50F2C84A490006FBEDE /* FrameWorkerDetailView.swift */; };
		1FA5F5122C84A6F0006FBEDE /* FrameWorkerButtonView.swift in Sources */ = {isa = PBXBuildFile; fileRef = 1FA5F5112C84A6F0006FBEDE /* FrameWorkerButtonView.swift */; };
		1FA5F5152C84AC31006FBEDE /* FrameWorkerGridViewModel.swift in Sources */ = {isa = PBXBuildFile; fileRef = 1FA5F5142C84AC31006FBEDE /* FrameWorkerGridViewModel.swift */; };
		1FA5F5172C84B055006FBEDE /* SafariView.swift in Sources */ = {isa = PBXBuildFile; fileRef = 1FA5F5162C84B055006FBEDE /* SafariView.swift */; };
		1FA5F5192C84B627006FBEDE /* FrameWorkerTitleView.swift in Sources */ = {isa = PBXBuildFile; fileRef = 1FA5F5182C84B627006FBEDE /* FrameWorkerTitleView.swift */; };
		1FA5F51B2C84B803006FBEDE /* XDismissButton.swift in Sources */ = {isa = PBXBuildFile; fileRef = 1FA5F51A2C84B803006FBEDE /* XDismissButton.swift */; };
/* End PBXBuildFile section */

/* Begin PBXFileReference section */
		1FA5F4F82C849CD3006FBEDE /* FrameWorker.app */ = {isa = PBXFileReference; explicitFileType = wrapper.application; includeInIndex = 0; path = FrameWorker.app; sourceTree = BUILT_PRODUCTS_DIR; };
		1FA5F4FB2C849CD3006FBEDE /* FrameWorkerApp.swift */ = {isa = PBXFileReference; lastKnownFileType = sourcecode.swift; path = FrameWorkerApp.swift; sourceTree = "<group>"; };
		1FA5F4FD2C849CD3006FBEDE /* FrameWorkerGridView.swift */ = {isa = PBXFileReference; lastKnownFileType = sourcecode.swift; path = FrameWorkerGridView.swift; sourceTree = "<group>"; };
		1FA5F4FF2C849CD5006FBEDE /* Assets.xcassets */ = {isa = PBXFileReference; lastKnownFileType = folder.assetcatalog; path = Assets.xcassets; sourceTree = "<group>"; };
		1FA5F5022C849CD5006FBEDE /* Preview Assets.xcassets */ = {isa = PBXFileReference; lastKnownFileType = folder.assetcatalog; path = "Preview Assets.xcassets"; sourceTree = "<group>"; };
		1FA5F50B2C849D15006FBEDE /* FrameWorkerModel.swift */ = {isa = PBXFileReference; lastKnownFileType = sourcecode.swift; path = FrameWorkerModel.swift; sourceTree = "<group>"; };
		1FA5F50F2C84A490006FBEDE /* FrameWorkerDetailView.swift */ = {isa = PBXFileReference; lastKnownFileType = sourcecode.swift; path = FrameWorkerDetailView.swift; sourceTree = "<group>"; };
		1FA5F5112C84A6F0006FBEDE /* FrameWorkerButtonView.swift */ = {isa = PBXFileReference; lastKnownFileType = sourcecode.swift; path = FrameWorkerButtonView.swift; sourceTree = "<group>"; };
		1FA5F5142C84AC31006FBEDE /* FrameWorkerGridViewModel.swift */ = {isa = PBXFileReference; lastKnownFileType = sourcecode.swift; path = FrameWorkerGridViewModel.swift; sourceTree = "<group>"; };
		1FA5F5162C84B055006FBEDE /* SafariView.swift */ = {isa = PBXFileReference; lastKnownFileType = sourcecode.swift; path = SafariView.swift; sourceTree = "<group>"; };
		1FA5F5182C84B627006FBEDE /* FrameWorkerTitleView.swift */ = {isa = PBXFileReference; lastKnownFileType = sourcecode.swift; path = FrameWorkerTitleView.swift; sourceTree = "<group>"; };
		1FA5F51A2C84B803006FBEDE /* XDismissButton.swift */ = {isa = PBXFileReference; lastKnownFileType = sourcecode.swift; path = XDismissButton.swift; sourceTree = "<group>"; };
/* End PBXFileReference section */

/* Begin PBXFrameworksBuildPhase section */
		1FA5F4F52C849CD3006FBEDE /* Frameworks */ = {
			isa = PBXFrameworksBuildPhase;
			buildActionMask = 2147483647;
			files = (
			);
			runOnlyForDeploymentPostprocessing = 0;
		};
/* End PBXFrameworksBuildPhase section */

/* Begin PBXGroup section */
		1FA5F4EF2C849CD3006FBEDE = {
			isa = PBXGroup;
			children = (
				1FA5F4FA2C849CD3006FBEDE /* FrameWorker */,
				1FA5F4F92C849CD3006FBEDE /* Products */,
			);
			sourceTree = "<group>";
		};
		1FA5F4F92C849CD3006FBEDE /* Products */ = {
			isa = PBXGroup;
			children = (
				1FA5F4F82C849CD3006FBEDE /* FrameWorker.app */,
			);
			name = Products;
			sourceTree = "<group>";
		};
		1FA5F4FA2C849CD3006FBEDE /* FrameWorker */ = {
			isa = PBXGroup;
			children = (
				1FA5F5132C84AC18006FBEDE /* ViewModels */,
				1FA5F50A2C849CFA006FBEDE /* Models */,
				1FA5F5092C849CF2006FBEDE /* Views */,
				1FA5F4FB2C849CD3006FBEDE /* FrameWorkerApp.swift */,
				1FA5F4FF2C849CD5006FBEDE /* Assets.xcassets */,
				1FA5F5012C849CD5006FBEDE /* Preview Content */,
			);
			path = FrameWorker;
			sourceTree = "<group>";
		};
		1FA5F5012C849CD5006FBEDE /* Preview Content */ = {
			isa = PBXGroup;
			children = (
				1FA5F5022C849CD5006FBEDE /* Preview Assets.xcassets */,
			);
			path = "Preview Content";
			sourceTree = "<group>";
		};
		1FA5F5092C849CF2006FBEDE /* Views */ = {
			isa = PBXGroup;
			children = (
				1FA5F4FD2C849CD3006FBEDE /* FrameWorkerGridView.swift */,
				1FA5F50F2C84A490006FBEDE /* FrameWorkerDetailView.swift */,
				1FA5F5112C84A6F0006FBEDE /* FrameWorkerButtonView.swift */,
				1FA5F5162C84B055006FBEDE /* SafariView.swift */,
				1FA5F5182C84B627006FBEDE /* FrameWorkerTitleView.swift */,
				1FA5F51A2C84B803006FBEDE /* XDismissButton.swift */,
			);
			path = Views;
			sourceTree = "<group>";
		};
		1FA5F50A2C849CFA006FBEDE /* Models */ = {
			isa = PBXGroup;
			children = (
				1FA5F50B2C849D15006FBEDE /* FrameWorkerModel.swift */,
			);
			path = Models;
			sourceTree = "<group>";
		};
		1FA5F5132C84AC18006FBEDE /* ViewModels */ = {
			isa = PBXGroup;
			children = (
				1FA5F5142C84AC31006FBEDE /* FrameWorkerGridViewModel.swift */,
			);
			path = ViewModels;
			sourceTree = "<group>";
		};
/* End PBXGroup section */

/* Begin PBXNativeTarget section */
		1FA5F4F72C849CD3006FBEDE /* FrameWorker */ = {
			isa = PBXNativeTarget;
			buildConfigurationList = 1FA5F5062C849CD5006FBEDE /* Build configuration list for PBXNativeTarget "FrameWorker" */;
			buildPhases = (
				1FA5F4F42C849CD3006FBEDE /* Sources */,
				1FA5F4F52C849CD3006FBEDE /* Frameworks */,
				1FA5F4F62C849CD3006FBEDE /* Resources */,
			);
			buildRules = (
			);
			dependencies = (
			);
			name = FrameWorker;
			productName = FrameWorker;
			productReference = 1FA5F4F82C849CD3006FBEDE /* FrameWorker.app */;
			productType = "com.apple.product-type.application";
		};
/* End PBXNativeTarget section */

/* Begin PBXProject section */
		1FA5F4F02C849CD3006FBEDE /* Project object */ = {
			isa = PBXProject;
			attributes = {
				BuildIndependentTargetsInParallel = 1;
				LastSwiftUpdateCheck = 1540;
				LastUpgradeCheck = 1540;
				TargetAttributes = {
					1FA5F4F72C849CD3006FBEDE = {
						CreatedOnToolsVersion = 15.4;
					};
				};
			};
			buildConfigurationList = 1FA5F4F32C849CD3006FBEDE /* Build configuration list for PBXProject "FrameWorker" */;
			compatibilityVersion = "Xcode 14.0";
			developmentRegion = en;
			hasScannedForEncodings = 0;
			knownRegions = (
				en,
				Base,
			);
			mainGroup = 1FA5F4EF2C849CD3006FBEDE;
			productRefGroup = 1FA5F4F92C849CD3006FBEDE /* Products */;
			projectDirPath = "";
			projectRoot = "";
			targets = (
				1FA5F4F72C849CD3006FBEDE /* FrameWorker */,
			);
		};
/* End PBXProject section */

/* Begin PBXResourcesBuildPhase section */
		1FA5F4F62C849CD3006FBEDE /* Resources */ = {
			isa = PBXResourcesBuildPhase;
			buildActionMask = 2147483647;
			files = (
				1FA5F5032C849CD5006FBEDE /* Preview Assets.xcassets in Resources */,
				1FA5F5002C849CD5006FBEDE /* Assets.xcassets in Resources */,
			);
			runOnlyForDeploymentPostprocessing = 0;
		};
/* End PBXResourcesBuildPhase section */

/* Begin PBXSourcesBuildPhase section */
		1FA5F4F42C849CD3006FBEDE /* Sources */ = {
			isa = PBXSourcesBuildPhase;
			buildActionMask = 2147483647;
			files = (
				1FA5F4FE2C849CD3006FBEDE /* FrameWorkerGridView.swift in Sources */,
				1FA5F5102C84A490006FBEDE /* FrameWorkerDetailView.swift in Sources */,
				1FA5F51B2C84B803006FBEDE /* XDismissButton.swift in Sources */,
				1FA5F50C2C849D15006FBEDE /* FrameWorkerModel.swift in Sources */,
				1FA5F4FC2C849CD3006FBEDE /* FrameWorkerApp.swift in Sources */,
				1FA5F5152C84AC31006FBEDE /* FrameWorkerGridViewModel.swift in Sources */,
				1FA5F5122C84A6F0006FBEDE /* FrameWorkerButtonView.swift in Sources */,
				1FA5F5172C84B055006FBEDE /* SafariView.swift in Sources */,
				1FA5F5192C84B627006FBEDE /* FrameWorkerTitleView.swift in Sources */,
			);
			runOnlyForDeploymentPostprocessing = 0;
		};
/* End PBXSourcesBuildPhase section */

/* Begin XCBuildConfiguration section */
		1FA5F5042C849CD5006FBEDE /* Debug */ = {
			isa = XCBuildConfiguration;
			buildSettings = {
				ALWAYS_SEARCH_USER_PATHS = NO;
				ASSETCATALOG_COMPILER_GENERATE_SWIFT_ASSET_SYMBOL_EXTENSIONS = YES;
				CLANG_ANALYZER_NONNULL = YES;
				CLANG_ANALYZER_NUMBER_OBJECT_CONVERSION = YES_AGGRESSIVE;
				CLANG_CXX_LANGUAGE_STANDARD = "gnu++20";
				CLANG_ENABLE_MODULES = YES;
				CLANG_ENABLE_OBJC_ARC = YES;
				CLANG_ENABLE_OBJC_WEAK = YES;
				CLANG_WARN_BLOCK_CAPTURE_AUTORELEASING = YES;
				CLANG_WARN_BOOL_CONVERSION = YES;
				CLANG_WARN_COMMA = YES;
				CLANG_WARN_CONSTANT_CONVERSION = YES;
				CLANG_WARN_DEPRECATED_OBJC_IMPLEMENTATIONS = YES;
				CLANG_WARN_DIRECT_OBJC_ISA_USAGE = YES_ERROR;
				CLANG_WARN_DOCUMENTATION_COMMENTS = YES;
				CLANG_WARN_EMPTY_BODY = YES;
				CLANG_WARN_ENUM_CONVERSION = YES;
				CLANG_WARN_INFINITE_RECURSION = YES;
				CLANG_WARN_INT_CONVERSION = YES;
				CLANG_WARN_NON_LITERAL_NULL_CONVERSION = YES;
				CLANG_WARN_OBJC_IMPLICIT_RETAIN_SELF = YES;
				CLANG_WARN_OBJC_LITERAL_CONVERSION = YES;
				CLANG_WARN_OBJC_ROOT_CLASS = YES_ERROR;
				CLANG_WARN_QUOTED_INCLUDE_IN_FRAMEWORK_HEADER = YES;
				CLANG_WARN_RANGE_LOOP_ANALYSIS = YES;
				CLANG_WARN_STRICT_PROTOTYPES = YES;
				CLANG_WARN_SUSPICIOUS_MOVE = YES;
				CLANG_WARN_UNGUARDED_AVAILABILITY = YES_AGGRESSIVE;
				CLANG_WARN_UNREACHABLE_CODE = YES;
				CLANG_WARN__DUPLICATE_METHOD_MATCH = YES;
				COPY_PHASE_STRIP = NO;
				DEBUG_INFORMATION_FORMAT = dwarf;
				ENABLE_STRICT_OBJC_MSGSEND = YES;
				ENABLE_TESTABILITY = YES;
				ENABLE_USER_SCRIPT_SANDBOXING = YES;
				GCC_C_LANGUAGE_STANDARD = gnu17;
				GCC_DYNAMIC_NO_PIC = NO;
				GCC_NO_COMMON_BLOCKS = YES;
				GCC_OPTIMIZATION_LEVEL = 0;
				GCC_PREPROCESSOR_DEFINITIONS = (
					"DEBUG=1",
					"$(inherited)",
				);
				GCC_WARN_64_TO_32_BIT_CONVERSION = YES;
				GCC_WARN_ABOUT_RETURN_TYPE = YES_ERROR;
				GCC_WARN_UNDECLARED_SELECTOR = YES;
				GCC_WARN_UNINITIALIZED_AUTOS = YES_AGGRESSIVE;
				GCC_WARN_UNUSED_FUNCTION = YES;
				GCC_WARN_UNUSED_VARIABLE = YES;
				IPHONEOS_DEPLOYMENT_TARGET = 17.5;
				LOCALIZATION_PREFERS_STRING_CATALOGS = YES;
				MTL_ENABLE_DEBUG_INFO = INCLUDE_SOURCE;
				MTL_FAST_MATH = YES;
				ONLY_ACTIVE_ARCH = YES;
				SDKROOT = iphoneos;
				SWIFT_ACTIVE_COMPILATION_CONDITIONS = "DEBUG $(inherited)";
				SWIFT_OPTIMIZATION_LEVEL = "-Onone";
			};
			name = Debug;
		};
		1FA5F5052C849CD5006FBEDE /* Release */ = {
			isa = XCBuildConfiguration;
			buildSettings = {
				ALWAYS_SEARCH_USER_PATHS = NO;
				ASSETCATALOG_COMPILER_GENERATE_SWIFT_ASSET_SYMBOL_EXTENSIONS = YES;
				CLANG_ANALYZER_NONNULL = YES;
				CLANG_ANALYZER_NUMBER_OBJECT_CONVERSION = YES_AGGRESSIVE;
				CLANG_CXX_LANGUAGE_STANDARD = "gnu++20";
				CLANG_ENABLE_MODULES = YES;
				CLANG_ENABLE_OBJC_ARC = YES;
				CLANG_ENABLE_OBJC_WEAK = YES;
				CLANG_WARN_BLOCK_CAPTURE_AUTORELEASING = YES;
				CLANG_WARN_BOOL_CONVERSION = YES;
				CLANG_WARN_COMMA = YES;
				CLANG_WARN_CONSTANT_CONVERSION = YES;
				CLANG_WARN_DEPRECATED_OBJC_IMPLEMENTATIONS = YES;
				CLANG_WARN_DIRECT_OBJC_ISA_USAGE = YES_ERROR;
				CLANG_WARN_DOCUMENTATION_COMMENTS = YES;
				CLANG_WARN_EMPTY_BODY = YES;
				CLANG_WARN_ENUM_CONVERSION = YES;
				CLANG_WARN_INFINITE_RECURSION = YES;
				CLANG_WARN_INT_CONVERSION = YES;
				CLANG_WARN_NON_LITERAL_NULL_CONVERSION = YES;
				CLANG_WARN_OBJC_IMPLICIT_RETAIN_SELF = YES;
				CLANG_WARN_OBJC_LITERAL_CONVERSION = YES;
				CLANG_WARN_OBJC_ROOT_CLASS = YES_ERROR;
				CLANG_WARN_QUOTED_INCLUDE_IN_FRAMEWORK_HEADER = YES;
				CLANG_WARN_RANGE_LOOP_ANALYSIS = YES;
				CLANG_WARN_STRICT_PROTOTYPES = YES;
				CLANG_WARN_SUSPICIOUS_MOVE = YES;
				CLANG_WARN_UNGUARDED_AVAILABILITY = YES_AGGRESSIVE;
				CLANG_WARN_UNREACHABLE_CODE = YES;
				CLANG_WARN__DUPLICATE_METHOD_MATCH = YES;
				COPY_PHASE_STRIP = NO;
				DEBUG_INFORMATION_FORMAT = "dwarf-with-dsym";
				ENABLE_NS_ASSERTIONS = NO;
				ENABLE_STRICT_OBJC_MSGSEND = YES;
				ENABLE_USER_SCRIPT_SANDBOXING = YES;
				GCC_C_LANGUAGE_STANDARD = gnu17;
				GCC_NO_COMMON_BLOCKS = YES;
				GCC_WARN_64_TO_32_BIT_CONVERSION = YES;
				GCC_WARN_ABOUT_RETURN_TYPE = YES_ERROR;
				GCC_WARN_UNDECLARED_SELECTOR = YES;
				GCC_WARN_UNINITIALIZED_AUTOS = YES_AGGRESSIVE;
				GCC_WARN_UNUSED_FUNCTION = YES;
				GCC_WARN_UNUSED_VARIABLE = YES;
				IPHONEOS_DEPLOYMENT_TARGET = 17.5;
				LOCALIZATION_PREFERS_STRING_CATALOGS = YES;
				MTL_ENABLE_DEBUG_INFO = NO;
				MTL_FAST_MATH = YES;
				SDKROOT = iphoneos;
				SWIFT_COMPILATION_MODE = wholemodule;
				VALIDATE_PRODUCT = YES;
			};
			name = Release;
		};
		1FA5F5072C849CD5006FBEDE /* Debug */ = {
			isa = XCBuildConfiguration;
			buildSettings = {
				ASSETCATALOG_COMPILER_APPICON_NAME = AppIcon;
				ASSETCATALOG_COMPILER_GLOBAL_ACCENT_COLOR_NAME = AccentColor;
				CODE_SIGN_STYLE = Automatic;
				CURRENT_PROJECT_VERSION = 1;
				DEVELOPMENT_ASSET_PATHS = "\"FrameWorker/Preview Content\"";
				DEVELOPMENT_TEAM = MTZ6T3B49V;
				ENABLE_PREVIEWS = YES;
				GENERATE_INFOPLIST_FILE = YES;
				INFOPLIST_KEY_UIApplicationSceneManifest_Generation = YES;
				INFOPLIST_KEY_UIApplicationSupportsIndirectInputEvents = YES;
				INFOPLIST_KEY_UILaunchScreen_Generation = YES;
				INFOPLIST_KEY_UISupportedInterfaceOrientations_iPad = "UIInterfaceOrientationPortrait UIInterfaceOrientationPortraitUpsideDown UIInterfaceOrientationLandscapeLeft UIInterfaceOrientationLandscapeRight";
				INFOPLIST_KEY_UISupportedInterfaceOrientations_iPhone = "UIInterfaceOrientationPortrait UIInterfaceOrientationLandscapeLeft UIInterfaceOrientationLandscapeRight";
				LD_RUNPATH_SEARCH_PATHS = (
					"$(inherited)",
					"@executable_path/Frameworks",
				);
				MARKETING_VERSION = 1.0;
				PRODUCT_BUNDLE_IDENTIFIER = com.bkkflynnsta.FrameWorker;
				PRODUCT_NAME = "$(TARGET_NAME)";
				SWIFT_EMIT_LOC_STRINGS = YES;
				SWIFT_VERSION = 5.0;
				TARGETED_DEVICE_FAMILY = "1,2";
			};
			name = Debug;
		};
		1FA5F5082C849CD5006FBEDE /* Release */ = {
			isa = XCBuildConfiguration;
			buildSettings = {
				ASSETCATALOG_COMPILER_APPICON_NAME = AppIcon;
				ASSETCATALOG_COMPILER_GLOBAL_ACCENT_COLOR_NAME = AccentColor;
				CODE_SIGN_STYLE = Automatic;
				CURRENT_PROJECT_VERSION = 1;
				DEVELOPMENT_ASSET_PATHS = "\"FrameWorker/Preview Content\"";
				DEVELOPMENT_TEAM = MTZ6T3B49V;
				ENABLE_PREVIEWS = YES;
				GENERATE_INFOPLIST_FILE = YES;
				INFOPLIST_KEY_UIApplicationSceneManifest_Generation = YES;
				INFOPLIST_KEY_UIApplicationSupportsIndirectInputEvents = YES;
				INFOPLIST_KEY_UILaunchScreen_Generation = YES;
				INFOPLIST_KEY_UISupportedInterfaceOrientations_iPad = "UIInterfaceOrientationPortrait UIInterfaceOrientationPortraitUpsideDown UIInterfaceOrientationLandscapeLeft UIInterfaceOrientationLandscapeRight";
				INFOPLIST_KEY_UISupportedInterfaceOrientations_iPhone = "UIInterfaceOrientationPortrait UIInterfaceOrientationLandscapeLeft UIInterfaceOrientationLandscapeRight";
				LD_RUNPATH_SEARCH_PATHS = (
					"$(inherited)",
					"@executable_path/Frameworks",
				);
				MARKETING_VERSION = 1.0;
				PRODUCT_BUNDLE_IDENTIFIER = com.bkkflynnsta.FrameWorker;
				PRODUCT_NAME = "$(TARGET_NAME)";
				SWIFT_EMIT_LOC_STRINGS = YES;
				SWIFT_VERSION = 5.0;
				TARGETED_DEVICE_FAMILY = "1,2";
			};
			name = Release;
		};
/* End XCBuildConfiguration section */

/* Begin XCConfigurationList section */
		1FA5F4F32C849CD3006FBEDE /* Build configuration list for PBXProject "FrameWorker" */ = {
			isa = XCConfigurationList;
			buildConfigurations = (
				1FA5F5042C849CD5006FBEDE /* Debug */,
				1FA5F5052C849CD5006FBEDE /* Release */,
			);
			defaultConfigurationIsVisible = 0;
			defaultConfigurationName = Release;
		};
		1FA5F5062C849CD5006FBEDE /* Build configuration list for PBXNativeTarget "FrameWorker" */ = {
			isa = XCConfigurationList;
			buildConfigurations = (
				1FA5F5072C849CD5006FBEDE /* Debug */,
				1FA5F5082C849CD5006FBEDE /* Release */,
			);
			defaultConfigurationIsVisible = 0;
			defaultConfigurationName = Release;
		};
/* End XCConfigurationList section */
	};
	rootObject = 1FA5F4F02C849CD3006FBEDE /* Project object */;
}
